
Microsoft Visual Studio Solution File, Format Version 12.00
# Visual Studio Version 17
VisualStudioVersion = 17.5.002.0
MinimumVisualStudioVersion = 10.0.40219.1
Project("{9A19103F-16F7-4668-BE54-9A1E7A4F7556}") = "FlorestaDeCaminhosOtimos", "FlorestaDeCaminhosOtimos.csproj", "{177D93EA-E493-40B9-8886-44E05F0AF50D}"
EndProject
Global
	GlobalSection(SolutionConfigurationPlatforms) = preSolution
		Debug|Any CPU = Debug|Any CPU
		Release|Any CPU = Release|Any CPU
	EndGlobalSection
	GlobalSection(ProjectConfigurationPlatforms) = postSolution
		{177D93EA-E493-40B9-8886-44E05F0AF50D}.Debug|Any CPU.ActiveCfg = Debug|Any CPU
		{177D93EA-E493-40B9-8886-44E05F0AF50D}.Debug|Any CPU.Build.0 = Debug|Any CPU
		{177D93EA-E493-40B9-8886-44E05F0AF50D}.Release|Any CPU.ActiveCfg = Release|Any CPU
		{177D93EA-E493-40B9-8886-44E05F0AF50D}.Release|Any CPU.Build.0 = Release|Any CPU
	EndGlobalSection
	GlobalSection(SolutionProperties) = preSolution
		HideSolutionNode = FALSE
	EndGlobalSection
	GlobalSection(ExtensibilityGlobals) = postSolution
		SolutionGuid = {0FDC17AE-607B-40B2-B3BD-CAA0313E98E7}
	EndGlobalSection
EndGlobal
