
Microsoft Visual Studio Solution File, Format Version 12.00
# Visual Studio Version 17
VisualStudioVersion = 17.5.002.0
MinimumVisualStudioVersion = 10.0.40219.1
Project("{9A19103F-16F7-4668-BE54-9A1E7A4F7556}") = "BuscaEmLargura", "BuscaEmLargura.csproj", "{4BA4C36B-AFF4-4E64-B3FC-C8C2D738177C}"
EndProject
Global
	GlobalSection(SolutionConfigurationPlatforms) = preSolution
		Debug|Any CPU = Debug|Any CPU
		Release|Any CPU = Release|Any CPU
	EndGlobalSection
	GlobalSection(ProjectConfigurationPlatforms) = postSolution
		{4BA4C36B-AFF4-4E64-B3FC-C8C2D738177C}.Debug|Any CPU.ActiveCfg = Debug|Any CPU
		{4BA4C36B-AFF4-4E64-B3FC-C8C2D738177C}.Debug|Any CPU.Build.0 = Debug|Any CPU
		{4BA4C36B-AFF4-4E64-B3FC-C8C2D738177C}.Release|Any CPU.ActiveCfg = Release|Any CPU
		{4BA4C36B-AFF4-4E64-B3FC-C8C2D738177C}.Release|Any CPU.Build.0 = Release|Any CPU
	EndGlobalSection
	GlobalSection(SolutionProperties) = preSolution
		HideSolutionNode = FALSE
	EndGlobalSection
	GlobalSection(ExtensibilityGlobals) = postSolution
		SolutionGuid = {574684E3-7D3B-4635-BCC3-C881B84FEE99}
	EndGlobalSection
EndGlobal
