
Microsoft Visual Studio Solution File, Format Version 12.00
# Visual Studio Version 17
VisualStudioVersion = 17.5.002.0
MinimumVisualStudioVersion = 10.0.40219.1
Project("{9A19103F-16F7-4668-BE54-9A1E7A4F7556}") = "TrabalhoGrafos", "TrabalhoGrafos.csproj", "{AF058F3A-E7CF-4854-B19F-F9D4AECB7742}"
EndProject
Global
	GlobalSection(SolutionConfigurationPlatforms) = preSolution
		Debug|Any CPU = Debug|Any CPU
		Release|Any CPU = Release|Any CPU
	EndGlobalSection
	GlobalSection(ProjectConfigurationPlatforms) = postSolution
		{AF058F3A-E7CF-4854-B19F-F9D4AECB7742}.Debug|Any CPU.ActiveCfg = Debug|Any CPU
		{AF058F3A-E7CF-4854-B19F-F9D4AECB7742}.Debug|Any CPU.Build.0 = Debug|Any CPU
		{AF058F3A-E7CF-4854-B19F-F9D4AECB7742}.Release|Any CPU.ActiveCfg = Release|Any CPU
		{AF058F3A-E7CF-4854-B19F-F9D4AECB7742}.Release|Any CPU.Build.0 = Release|Any CPU
	EndGlobalSection
	GlobalSection(SolutionProperties) = preSolution
		HideSolutionNode = FALSE
	EndGlobalSection
	GlobalSection(ExtensibilityGlobals) = postSolution
		SolutionGuid = {9F815BCB-F9C1-4490-95D3-12C4E693C6C0}
	EndGlobalSection
EndGlobal
